
Microsoft Visual Studio Solution File, Format Version 12.00
# Visual Studio Version 17
VisualStudioVersion = 17.3.32901.215
MinimumVisualStudioVersion = 10.0.40219.1
Project("{8BC9CEB8-8B4A-11D0-8D11-00A0C91BC942}") = "KES_22", "KES_22\KES_22.vcxproj", "{A6151311-98B1-4641-A1B3-C03A3FB9B4DB}"
EndProject
Project("{8BC9CEB8-8B4A-11D0-8D11-00A0C91BC942}") = "KESasm", "KESasm\KESasm\KESasm.vcxproj", "{856F9C17-33D1-4321-B42B-840AD932AE00}"
EndProject
Project("{8BC9CEB8-8B4A-11D0-8D11-00A0C91BC942}") = "KESlib", "KESlib\KESlib.vcxproj", "{D5AD7902-7DEB-4D67-85FC-40492D239135}"
EndProject
Global
	GlobalSection(SolutionConfigurationPlatforms) = preSolution
		Debug|x64 = Debug|x64
		Debug|x86 = Debug|x86
		Release|x64 = Release|x64
		Release|x86 = Release|x86
	EndGlobalSection
	GlobalSection(ProjectConfigurationPlatforms) = postSolution
		{A6151311-98B1-4641-A1B3-C03A3FB9B4DB}.Debug|x64.ActiveCfg = Debug|x64
		{A6151311-98B1-4641-A1B3-C03A3FB9B4DB}.Debug|x64.Build.0 = Debug|x64
		{A6151311-98B1-4641-A1B3-C03A3FB9B4DB}.Debug|x86.ActiveCfg = Debug|Win32
		{A6151311-98B1-4641-A1B3-C03A3FB9B4DB}.Debug|x86.Build.0 = Debug|Win32
		{A6151311-98B1-4641-A1B3-C03A3FB9B4DB}.Release|x64.ActiveCfg = Release|x64
		{A6151311-98B1-4641-A1B3-C03A3FB9B4DB}.Release|x64.Build.0 = Release|x64
		{A6151311-98B1-4641-A1B3-C03A3FB9B4DB}.Release|x86.ActiveCfg = Release|Win32
		{A6151311-98B1-4641-A1B3-C03A3FB9B4DB}.Release|x86.Build.0 = Release|Win32
		{856F9C17-33D1-4321-B42B-840AD932AE00}.Debug|x64.ActiveCfg = Debug|x64
		{856F9C17-33D1-4321-B42B-840AD932AE00}.Debug|x64.Build.0 = Debug|x64
		{856F9C17-33D1-4321-B42B-840AD932AE00}.Debug|x86.ActiveCfg = Debug|Win32
		{856F9C17-33D1-4321-B42B-840AD932AE00}.Debug|x86.Build.0 = Debug|Win32
		{856F9C17-33D1-4321-B42B-840AD932AE00}.Release|x64.ActiveCfg = Release|x64
		{856F9C17-33D1-4321-B42B-840AD932AE00}.Release|x64.Build.0 = Release|x64
		{856F9C17-33D1-4321-B42B-840AD932AE00}.Release|x86.ActiveCfg = Release|Win32
		{856F9C17-33D1-4321-B42B-840AD932AE00}.Release|x86.Build.0 = Release|Win32
		{D5AD7902-7DEB-4D67-85FC-40492D239135}.Debug|x64.ActiveCfg = Debug|x64
		{D5AD7902-7DEB-4D67-85FC-40492D239135}.Debug|x64.Build.0 = Debug|x64
		{D5AD7902-7DEB-4D67-85FC-40492D239135}.Debug|x86.ActiveCfg = Debug|Win32
		{D5AD7902-7DEB-4D67-85FC-40492D239135}.Debug|x86.Build.0 = Debug|Win32
		{D5AD7902-7DEB-4D67-85FC-40492D239135}.Release|x64.ActiveCfg = Release|x64
		{D5AD7902-7DEB-4D67-85FC-40492D239135}.Release|x64.Build.0 = Release|x64
		{D5AD7902-7DEB-4D67-85FC-40492D239135}.Release|x86.ActiveCfg = Release|Win32
		{D5AD7902-7DEB-4D67-85FC-40492D239135}.Release|x86.Build.0 = Release|Win32
	EndGlobalSection
	GlobalSection(SolutionProperties) = preSolution
		HideSolutionNode = FALSE
	EndGlobalSection
	GlobalSection(ExtensibilityGlobals) = postSolution
		SolutionGuid = {C075B357-3839-4054-ACE7-E92BA119425D}
	EndGlobalSection
EndGlobal
